PODS:
  - Nuke (7.6.2)
  - RxCocoa (4.5.0):
    - RxSwift (>= 4.4.2, ~> 4.4)
  - RxSwift (4.5.0)
  - SnapKit (5.0.0)

DEPENDENCIES:
  - Nuke
  - RxCocoa
  - RxSwift
  - SnapKit (~> 5.0.0)

SPEC REPOS:
  https://github.com/cocoapods/specs.git:
    - Nuke
    - RxCocoa
    - RxSwift
    - SnapKit

SPEC CHECKSUMS:
  Nuke: 392eff7cb037adbec6699febe9237849ac5dcc47
  RxCocoa: cbf70265dc65a981d4ac982e513c10cf23df24a0
  RxSwift: f172070dfd1a93d70a9ab97a5a01166206e1c575
  SnapKit: fd22d10eb9aff484d79a8724eab922c1ddf89bcf

PODFILE CHECKSUM: e8dc8e1d5dcce360afeb53b244b6cdf65b5f24a7

COCOAPODS: 1.6.0.beta.1
